
Microsoft Visual Studio Solution File, Format Version 12.00
# Visual Studio 15
VisualStudioVersion = 15.0.27130.2010
MinimumVisualStudioVersion = 10.0.40219.1
Project("{9A19103F-16F7-4668-BE54-9A1E7A4F7556}") = "Obvs.Aeron", "Obvs.Aeron\Obvs.Aeron.csproj", "{C12EAF0F-E5CC-44A5-93F3-E8D2B57D4476}"
EndProject
Project("{9A19103F-16F7-4668-BE54-9A1E7A4F7556}") = "Obvs.Aeron.Tests", "Obvs.Aeron.Tests\Obvs.Aeron.Tests.csproj", "{EE5F64FC-08AE-4F33-A6B1-BB15752AE1A9}"
EndProject
Project("{2150E333-8FDC-42A3-9474-1A3956D46DE8}") = "Samples", "Samples", "{5CDE686D-C726-45C1-9B6F-2BD653D3848C}"
EndProject
Project("{FAE04EC0-301F-11D3-BF4B-00C04F79EFBC}") = "SamplePublisher", "Samples\SamplePublisher\SamplePublisher.csproj", "{86B3C6A2-03E9-4FDC-92C4-F0E979004BE1}"
EndProject
Project("{9A19103F-16F7-4668-BE54-9A1E7A4F7556}") = "SampleSubscriber", "Samples\SampleSubscriber\SampleSubscriber.csproj", "{FDF11196-6925-427A-A247-04C2EAE18637}"
EndProject
Global
	GlobalSection(SolutionConfigurationPlatforms) = preSolution
		Debug|Any CPU = Debug|Any CPU
		Release|Any CPU = Release|Any CPU
	EndGlobalSection
	GlobalSection(ProjectConfigurationPlatforms) = postSolution
		{C12EAF0F-E5CC-44A5-93F3-E8D2B57D4476}.Debug|Any CPU.ActiveCfg = Debug|Any CPU
		{C12EAF0F-E5CC-44A5-93F3-E8D2B57D4476}.Debug|Any CPU.Build.0 = Debug|Any CPU
		{C12EAF0F-E5CC-44A5-93F3-E8D2B57D4476}.Release|Any CPU.ActiveCfg = Release|Any CPU
		{C12EAF0F-E5CC-44A5-93F3-E8D2B57D4476}.Release|Any CPU.Build.0 = Release|Any CPU
		{EE5F64FC-08AE-4F33-A6B1-BB15752AE1A9}.Debug|Any CPU.ActiveCfg = Debug|Any CPU
		{EE5F64FC-08AE-4F33-A6B1-BB15752AE1A9}.Debug|Any CPU.Build.0 = Debug|Any CPU
		{EE5F64FC-08AE-4F33-A6B1-BB15752AE1A9}.Release|Any CPU.ActiveCfg = Release|Any CPU
		{EE5F64FC-08AE-4F33-A6B1-BB15752AE1A9}.Release|Any CPU.Build.0 = Release|Any CPU
		{86B3C6A2-03E9-4FDC-92C4-F0E979004BE1}.Debug|Any CPU.ActiveCfg = Debug|Any CPU
		{86B3C6A2-03E9-4FDC-92C4-F0E979004BE1}.Debug|Any CPU.Build.0 = Debug|Any CPU
		{86B3C6A2-03E9-4FDC-92C4-F0E979004BE1}.Release|Any CPU.ActiveCfg = Release|Any CPU
		{86B3C6A2-03E9-4FDC-92C4-F0E979004BE1}.Release|Any CPU.Build.0 = Release|Any CPU
		{FDF11196-6925-427A-A247-04C2EAE18637}.Debug|Any CPU.ActiveCfg = Debug|Any CPU
		{FDF11196-6925-427A-A247-04C2EAE18637}.Debug|Any CPU.Build.0 = Debug|Any CPU
		{FDF11196-6925-427A-A247-04C2EAE18637}.Release|Any CPU.ActiveCfg = Release|Any CPU
		{FDF11196-6925-427A-A247-04C2EAE18637}.Release|Any CPU.Build.0 = Release|Any CPU
	EndGlobalSection
	GlobalSection(SolutionProperties) = preSolution
		HideSolutionNode = FALSE
	EndGlobalSection
	GlobalSection(NestedProjects) = preSolution
		{86B3C6A2-03E9-4FDC-92C4-F0E979004BE1} = {5CDE686D-C726-45C1-9B6F-2BD653D3848C}
		{FDF11196-6925-427A-A247-04C2EAE18637} = {5CDE686D-C726-45C1-9B6F-2BD653D3848C}
	EndGlobalSection
	GlobalSection(ExtensibilityGlobals) = postSolution
		SolutionGuid = {8AAA43E2-47EC-47EA-8DF7-83DC26FD30F4}
	EndGlobalSection
EndGlobal
